PODS:
  - AGEVideoLayout (1.0.4)
  - AgoraRtcEngine_iOS (3.6.0.1)

DEPENDENCIES:
  - AGEVideoLayout (~> 1.0.4)
  - AgoraRtcEngine_iOS (= 3.6.0.1)

SPEC REPOS:
  trunk:
    - AGEVideoLayout
    - AgoraRtcEngine_iOS

SPEC CHECKSUMS:
  AGEVideoLayout: a0122fa3fde4fac227b08da8bee0c3fe8de1682c
  AgoraRtcEngine_iOS: bcefa5cab2343080df7ccaf0b9d0e2158413300a

PODFILE CHECKSUM: 179b8d41ef51e515c32ae2ee2e82b594dd89a4af

COCOAPODS: 1.11.3
